// !$*UTF8*$!
{
	archiveVersion = 1;
	classes = {
	};
	objectVersion = 50;
	objects = {

/* Begin PBXBuildFile section */
		D30E54E9259CF1F7007BB378 /* CardView.swift in Sources */ = {isa = PBXBuildFile; fileRef = D30E54E8259CF1F7007BB378 /* CardView.swift */; };
		D32A5C4D24E96C1E00827EE1 /* AppDelegate.swift in Sources */ = {isa = PBXBuildFile; fileRef = D32A5C4C24E96C1E00827EE1 /* AppDelegate.swift */; };
		D32A5C4F24E96C1E00827EE1 /* SceneDelegate.swift in Sources */ = {isa = PBXBuildFile; fileRef = D32A5C4E24E96C1E00827EE1 /* SceneDelegate.swift */; };
		D32A5C5124E96C1E00827EE1 /* ContentView.swift in Sources */ = {isa = PBXBuildFile; fileRef = D32A5C5024E96C1E00827EE1 /* ContentView.swift */; };
		D32A5C5324E96C1F00827EE1 /* Assets.xcassets in Resources */ = {isa = PBXBuildFile; fileRef = D32A5C5224E96C1F00827EE1 /* Assets.xcassets */; };
		D32A5C5624E96C1F00827EE1 /* Preview Assets.xcassets in Resources */ = {isa = PBXBuildFile; fileRef = D32A5C5524E96C1F00827EE1 /* Preview Assets.xcassets */; };
		D32A5C5924E96C1F00827EE1 /* LaunchScreen.storyboard in Resources */ = {isa = PBXBuildFile; fileRef = D32A5C5724E96C1F00827EE1 /* LaunchScreen.storyboard */; };
		D35F43522705C40200DD1335 /* BGView.swift in Sources */ = {isa = PBXBuildFile; fileRef = D35F43512705C40200DD1335 /* BGView.swift */; };
		D35F43542705C45400DD1335 /* TitleView.swift in Sources */ = {isa = PBXBuildFile; fileRef = D35F43532705C45400DD1335 /* TitleView.swift */; };
		D35F43562705C5F000DD1335 /* ViewModel+Constt.swift in Sources */ = {isa = PBXBuildFile; fileRef = D35F43552705C5F000DD1335 /* ViewModel+Constt.swift */; };
		D35F43582705C88100DD1335 /* CreditsView.swift in Sources */ = {isa = PBXBuildFile; fileRef = D35F43572705C88100DD1335 /* CreditsView.swift */; };
		D35F435A2705C95900DD1335 /* CardsGroupView.swift in Sources */ = {isa = PBXBuildFile; fileRef = D35F43592705C95900DD1335 /* CardsGroupView.swift */; };
		D35F435C2705CC8C00DD1335 /* SpinButtons.swift in Sources */ = {isa = PBXBuildFile; fileRef = D35F435B2705CC8C00DD1335 /* SpinButtons.swift */; };
/* End PBXBuildFile section */

/* Begin PBXFileReference section */
		D30E54E8259CF1F7007BB378 /* CardView.swift */ = {isa = PBXFileReference; lastKnownFileType = sourcecode.swift; path = CardView.swift; sourceTree = "<group>"; };
		D32A5C4924E96C1E00827EE1 /* Slots.app */ = {isa = PBXFileReference; explicitFileType = wrapper.application; includeInIndex = 0; path = Slots.app; sourceTree = BUILT_PRODUCTS_DIR; };
		D32A5C4C24E96C1E00827EE1 /* AppDelegate.swift */ = {isa = PBXFileReference; lastKnownFileType = sourcecode.swift; path = AppDelegate.swift; sourceTree = "<group>"; };
		D32A5C4E24E96C1E00827EE1 /* SceneDelegate.swift */ = {isa = PBXFileReference; lastKnownFileType = sourcecode.swift; path = SceneDelegate.swift; sourceTree = "<group>"; };
		D32A5C5024E96C1E00827EE1 /* ContentView.swift */ = {isa = PBXFileReference; lastKnownFileType = sourcecode.swift; path = ContentView.swift; sourceTree = "<group>"; };
		D32A5C5224E96C1F00827EE1 /* Assets.xcassets */ = {isa = PBXFileReference; lastKnownFileType = folder.assetcatalog; path = Assets.xcassets; sourceTree = "<group>"; };
		D32A5C5524E96C1F00827EE1 /* Preview Assets.xcassets */ = {isa = PBXFileReference; lastKnownFileType = folder.assetcatalog; path = "Preview Assets.xcassets"; sourceTree = "<group>"; };
		D32A5C5824E96C1F00827EE1 /* Base */ = {isa = PBXFileReference; lastKnownFileType = file.storyboard; name = Base; path = Base.lproj/LaunchScreen.storyboard; sourceTree = "<group>"; };
		D32A5C5A24E96C1F00827EE1 /* Info.plist */ = {isa = PBXFileReference; lastKnownFileType = text.plist.xml; path = Info.plist; sourceTree = "<group>"; };
		D35F43512705C40200DD1335 /* BGView.swift */ = {isa = PBXFileReference; lastKnownFileType = sourcecode.swift; path = BGView.swift; sourceTree = "<group>"; };
		D35F43532705C45400DD1335 /* TitleView.swift */ = {isa = PBXFileReference; lastKnownFileType = sourcecode.swift; path = TitleView.swift; sourceTree = "<group>"; };
		D35F43552705C5F000DD1335 /* ViewModel+Constt.swift */ = {isa = PBXFileReference; lastKnownFileType = sourcecode.swift; path = "ViewModel+Constt.swift"; sourceTree = "<group>"; };
		D35F43572705C88100DD1335 /* CreditsView.swift */ = {isa = PBXFileReference; lastKnownFileType = sourcecode.swift; path = CreditsView.swift; sourceTree = "<group>"; };
		D35F43592705C95900DD1335 /* CardsGroupView.swift */ = {isa = PBXFileReference; lastKnownFileType = sourcecode.swift; path = CardsGroupView.swift; sourceTree = "<group>"; };
		D35F435B2705CC8C00DD1335 /* SpinButtons.swift */ = {isa = PBXFileReference; lastKnownFileType = sourcecode.swift; path = SpinButtons.swift; sourceTree = "<group>"; };
/* End PBXFileReference section */

/* Begin PBXFrameworksBuildPhase section */
		D32A5C4624E96C1E00827EE1 /* Frameworks */ = {
			isa = PBXFrameworksBuildPhase;
			buildActionMask = 2147483647;
			files = (
			);
			runOnlyForDeploymentPostprocessing = 0;
		};
/* End PBXFrameworksBuildPhase section */

/* Begin PBXGroup section */
		D32A5C4024E96C1E00827EE1 = {
			isa = PBXGroup;
			children = (
				D32A5C4B24E96C1E00827EE1 /* Slots */,
				D32A5C4A24E96C1E00827EE1 /* Products */,
			);
			sourceTree = "<group>";
		};
		D32A5C4A24E96C1E00827EE1 /* Products */ = {
			isa = PBXGroup;
			children = (
				D32A5C4924E96C1E00827EE1 /* Slots.app */,
			);
			name = Products;
			sourceTree = "<group>";
		};
		D32A5C4B24E96C1E00827EE1 /* Slots */ = {
			isa = PBXGroup;
			children = (
				D32A5C4C24E96C1E00827EE1 /* AppDelegate.swift */,
				D32A5C4E24E96C1E00827EE1 /* SceneDelegate.swift */,
				D35F43552705C5F000DD1335 /* ViewModel+Constt.swift */,
				D35F434F2705C2CE00DD1335 /* Views */,
				D32A5C5224E96C1F00827EE1 /* Assets.xcassets */,
				D32A5C5724E96C1F00827EE1 /* LaunchScreen.storyboard */,
				D32A5C5A24E96C1F00827EE1 /* Info.plist */,
				D32A5C5424E96C1F00827EE1 /* Preview Content */,
			);
			path = Slots;
			sourceTree = "<group>";
		};
		D32A5C5424E96C1F00827EE1 /* Preview Content */ = {
			isa = PBXGroup;
			children = (
				D32A5C5524E96C1F00827EE1 /* Preview Assets.xcassets */,
			);
			path = "Preview Content";
			sourceTree = "<group>";
		};
		D35F434F2705C2CE00DD1335 /* Views */ = {
			isa = PBXGroup;
			children = (
				D32A5C5024E96C1E00827EE1 /* ContentView.swift */,
				D35F43502705C37300DD1335 /* Helper Views */,
			);
			path = Views;
			sourceTree = "<group>";
		};
		D35F43502705C37300DD1335 /* Helper Views */ = {
			isa = PBXGroup;
			children = (
				D35F43512705C40200DD1335 /* BGView.swift */,
				D35F43532705C45400DD1335 /* TitleView.swift */,
				D35F43572705C88100DD1335 /* CreditsView.swift */,
				D30E54E8259CF1F7007BB378 /* CardView.swift */,
				D35F43592705C95900DD1335 /* CardsGroupView.swift */,
				D35F435B2705CC8C00DD1335 /* SpinButtons.swift */,
			);
			path = "Helper Views";
			sourceTree = "<group>";
		};
/* End PBXGroup section */

/* Begin PBXNativeTarget section */
		D32A5C4824E96C1E00827EE1 /* Slots */ = {
			isa = PBXNativeTarget;
			buildConfigurationList = D32A5C5D24E96C1F00827EE1 /* Build configuration list for PBXNativeTarget "Slots" */;
			buildPhases = (
				D32A5C4524E96C1E00827EE1 /* Sources */,
				D32A5C4624E96C1E00827EE1 /* Frameworks */,
				D32A5C4724E96C1E00827EE1 /* Resources */,
			);
			buildRules = (
			);
			dependencies = (
			);
			name = Slots;
			productName = Slots;
			productReference = D32A5C4924E96C1E00827EE1 /* Slots.app */;
			productType = "com.apple.product-type.application";
		};
/* End PBXNativeTarget section */

/* Begin PBXProject section */
		D32A5C4124E96C1E00827EE1 /* Project object */ = {
			isa = PBXProject;
			attributes = {
				LastSwiftUpdateCheck = 1160;
				LastUpgradeCheck = 1200;
				ORGANIZATIONNAME = Yash;
				TargetAttributes = {
					D32A5C4824E96C1E00827EE1 = {
						CreatedOnToolsVersion = 11.6;
					};
				};
			};
			buildConfigurationList = D32A5C4424E96C1E00827EE1 /* Build configuration list for PBXProject "Slots" */;
			compatibilityVersion = "Xcode 9.3";
			developmentRegion = en;
			hasScannedForEncodings = 0;
			knownRegions = (
				en,
				Base,
			);
			mainGroup = D32A5C4024E96C1E00827EE1;
			productRefGroup = D32A5C4A24E96C1E00827EE1 /* Products */;
			projectDirPath = "";
			projectRoot = "";
			targets = (
				D32A5C4824E96C1E00827EE1 /* Slots */,
			);
		};
/* End PBXProject section */

/* Begin PBXResourcesBuildPhase section */
		D32A5C4724E96C1E00827EE1 /* Resources */ = {
			isa = PBXResourcesBuildPhase;
			buildActionMask = 2147483647;
			files = (
				D32A5C5924E96C1F00827EE1 /* LaunchScreen.storyboard in Resources */,
				D32A5C5624E96C1F00827EE1 /* Preview Assets.xcassets in Resources */,
				D32A5C5324E96C1F00827EE1 /* Assets.xcassets in Resources */,
			);
			runOnlyForDeploymentPostprocessing = 0;
		};
/* End PBXResourcesBuildPhase section */

/* Begin PBXSourcesBuildPhase section */
		D32A5C4524E96C1E00827EE1 /* Sources */ = {
			isa = PBXSourcesBuildPhase;
			buildActionMask = 2147483647;
			files = (
				D32A5C4D24E96C1E00827EE1 /* AppDelegate.swift in Sources */,
				D32A5C4F24E96C1E00827EE1 /* SceneDelegate.swift in Sources */,
				D30E54E9259CF1F7007BB378 /* CardView.swift in Sources */,
				D35F435C2705CC8C00DD1335 /* SpinButtons.swift in Sources */,
				D35F43522705C40200DD1335 /* BGView.swift in Sources */,
				D32A5C5124E96C1E00827EE1 /* ContentView.swift in Sources */,
				D35F435A2705C95900DD1335 /* CardsGroupView.swift in Sources */,
				D35F43542705C45400DD1335 /* TitleView.swift in Sources */,
				D35F43582705C88100DD1335 /* CreditsView.swift in Sources */,
				D35F43562705C5F000DD1335 /* ViewModel+Constt.swift in Sources */,
			);
			runOnlyForDeploymentPostprocessing = 0;
		};
/* End PBXSourcesBuildPhase section */

/* Begin PBXVariantGroup section */
		D32A5C5724E96C1F00827EE1 /* LaunchScreen.storyboard */ = {
			isa = PBXVariantGroup;
			children = (
				D32A5C5824E96C1F00827EE1 /* Base */,
			);
			name = LaunchScreen.storyboard;
			sourceTree = "<group>";
		};
/* End PBXVariantGroup section */

/* Begin XCBuildConfiguration section */
		D32A5C5B24E96C1F00827EE1 /* Debug */ = {
			isa = XCBuildConfiguration;
			buildSettings = {
				ALWAYS_SEARCH_USER_PATHS = NO;
				CLANG_ANALYZER_NONNULL = YES;
				CLANG_ANALYZER_NUMBER_OBJECT_CONVERSION = YES_AGGRESSIVE;
				CLANG_CXX_LANGUAGE_STANDARD = "gnu++14";
				CLANG_CXX_LIBRARY = "libc++";
				CLANG_ENABLE_MODULES = YES;
				CLANG_ENABLE_OBJC_ARC = YES;
				CLANG_ENABLE_OBJC_WEAK = YES;
				CLANG_WARN_BLOCK_CAPTURE_AUTORELEASING = YES;
				CLANG_WARN_BOOL_CONVERSION = YES;
				CLANG_WARN_COMMA = YES;
				CLANG_WARN_CONSTANT_CONVERSION = YES;
				CLANG_WARN_DEPRECATED_OBJC_IMPLEMENTATIONS = YES;
				CLANG_WARN_DIRECT_OBJC_ISA_USAGE = YES_ERROR;
				CLANG_WARN_DOCUMENTATION_COMMENTS = YES;
				CLANG_WARN_EMPTY_BODY = YES;
				CLANG_WARN_ENUM_CONVERSION = YES;
				CLANG_WARN_INFINITE_RECURSION = YES;
				CLANG_WARN_INT_CONVERSION = YES;
				CLANG_WARN_NON_LITERAL_NULL_CONVERSION = YES;
				CLANG_WARN_OBJC_IMPLICIT_RETAIN_SELF = YES;
				CLANG_WARN_OBJC_LITERAL_CONVERSION = YES;
				CLANG_WARN_OBJC_ROOT_CLASS = YES_ERROR;
				CLANG_WARN_QUOTED_INCLUDE_IN_FRAMEWORK_HEADER = YES;
				CLANG_WARN_RANGE_LOOP_ANALYSIS = YES;
				CLANG_WARN_STRICT_PROTOTYPES = YES;
				CLANG_WARN_SUSPICIOUS_MOVE = YES;
				CLANG_WARN_UNGUARDED_AVAILABILITY = YES_AGGRESSIVE;
				CLANG_WARN_UNREACHABLE_CODE = YES;
				CLANG_WARN__DUPLICATE_METHOD_MATCH = YES;
				COPY_PHASE_STRIP = NO;
				DEBUG_INFORMATION_FORMAT = dwarf;
				ENABLE_STRICT_OBJC_MSGSEND = YES;
				ENABLE_TESTABILITY = YES;
				GCC_C_LANGUAGE_STANDARD = gnu11;
				GCC_DYNAMIC_NO_PIC = NO;
				GCC_NO_COMMON_BLOCKS = YES;
				GCC_OPTIMIZATION_LEVEL = 0;
				GCC_PREPROCESSOR_DEFINITIONS = (
					"DEBUG=1",
					"$(inherited)",
				);
				GCC_WARN_64_TO_32_BIT_CONVERSION = YES;
				GCC_WARN_ABOUT_RETURN_TYPE = YES_ERROR;
				GCC_WARN_UNDECLARED_SELECTOR = YES;
				GCC_WARN_UNINITIALIZED_AUTOS = YES_AGGRESSIVE;
				GCC_WARN_UNUSED_FUNCTION = YES;
				GCC_WARN_UNUSED_VARIABLE = YES;
				IPHONEOS_DEPLOYMENT_TARGET = 13.6;
				MTL_ENABLE_DEBUG_INFO = INCLUDE_SOURCE;
				MTL_FAST_MATH = YES;
				ONLY_ACTIVE_ARCH = YES;
				SDKROOT = iphoneos;
				SWIFT_ACTIVE_COMPILATION_CONDITIONS = DEBUG;
				SWIFT_OPTIMIZATION_LEVEL = "-Onone";
			};
			name = Debug;
		};
		D32A5C5C24E96C1F00827EE1 /* Release */ = {
			isa = XCBuildConfiguration;
			buildSettings = {
				ALWAYS_SEARCH_USER_PATHS = NO;
				CLANG_ANALYZER_NONNULL = YES;
				CLANG_ANALYZER_NUMBER_OBJECT_CONVERSION = YES_AGGRESSIVE;
				CLANG_CXX_LANGUAGE_STANDARD = "gnu++14";
				CLANG_CXX_LIBRARY = "libc++";
				CLANG_ENABLE_MODULES = YES;
				CLANG_ENABLE_OBJC_ARC = YES;
				CLANG_ENABLE_OBJC_WEAK = YES;
				CLANG_WARN_BLOCK_CAPTURE_AUTORELEASING = YES;
				CLANG_WARN_BOOL_CONVERSION = YES;
				CLANG_WARN_COMMA = YES;
				CLANG_WARN_CONSTANT_CONVERSION = YES;
				CLANG_WARN_DEPRECATED_OBJC_IMPLEMENTATIONS = YES;
				CLANG_WARN_DIRECT_OBJC_ISA_USAGE = YES_ERROR;
				CLANG_WARN_DOCUMENTATION_COMMENTS = YES;
				CLANG_WARN_EMPTY_BODY = YES;
				CLANG_WARN_ENUM_CONVERSION = YES;
				CLANG_WARN_INFINITE_RECURSION = YES;
				CLANG_WARN_INT_CONVERSION = YES;
				CLANG_WARN_NON_LITERAL_NULL_CONVERSION = YES;
				CLANG_WARN_OBJC_IMPLICIT_RETAIN_SELF = YES;
				CLANG_WARN_OBJC_LITERAL_CONVERSION = YES;
				CLANG_WARN_OBJC_ROOT_CLASS = YES_ERROR;
				CLANG_WARN_QUOTED_INCLUDE_IN_FRAMEWORK_HEADER = YES;
				CLANG_WARN_RANGE_LOOP_ANALYSIS = YES;
				CLANG_WARN_STRICT_PROTOTYPES = YES;
				CLANG_WARN_SUSPICIOUS_MOVE = YES;
				CLANG_WARN_UNGUARDED_AVAILABILITY = YES_AGGRESSIVE;
				CLANG_WARN_UNREACHABLE_CODE = YES;
				CLANG_WARN__DUPLICATE_METHOD_MATCH = YES;
				COPY_PHASE_STRIP = NO;
				DEBUG_INFORMATION_FORMAT = "dwarf-with-dsym";
				ENABLE_NS_ASSERTIONS = NO;
				ENABLE_STRICT_OBJC_MSGSEND = YES;
				GCC_C_LANGUAGE_STANDARD = gnu11;
				GCC_NO_COMMON_BLOCKS = YES;
				GCC_WARN_64_TO_32_BIT_CONVERSION = YES;
				GCC_WARN_ABOUT_RETURN_TYPE = YES_ERROR;
				GCC_WARN_UNDECLARED_SELECTOR = YES;
				GCC_WARN_UNINITIALIZED_AUTOS = YES_AGGRESSIVE;
				GCC_WARN_UNUSED_FUNCTION = YES;
				GCC_WARN_UNUSED_VARIABLE = YES;
				IPHONEOS_DEPLOYMENT_TARGET = 13.6;
				MTL_ENABLE_DEBUG_INFO = NO;
				MTL_FAST_MATH = YES;
				SDKROOT = iphoneos;
				SWIFT_COMPILATION_MODE = wholemodule;
				SWIFT_OPTIMIZATION_LEVEL = "-O";
				VALIDATE_PRODUCT = YES;
			};
			name = Release;
		};
		D32A5C5E24E96C1F00827EE1 /* Debug */ = {
			isa = XCBuildConfiguration;
			buildSettings = {
				ASSETCATALOG_COMPILER_APPICON_NAME = AppIcon;
				"CODE_SIGN_IDENTITY[sdk=macosx*]" = "-";
				CODE_SIGN_STYLE = Automatic;
				DEVELOPMENT_ASSET_PATHS = "\"Slots/Preview Content\"";
				ENABLE_PREVIEWS = YES;
				INFOPLIST_FILE = Slots/Info.plist;
				LD_RUNPATH_SEARCH_PATHS = (
					"$(inherited)",
					"@executable_path/Frameworks",
				);
				PRODUCT_BUNDLE_IDENTIFIER = com.Yash.Slots;
				PRODUCT_NAME = "$(TARGET_NAME)";
				SUPPORTS_MACCATALYST = NO;
				SWIFT_VERSION = 5.0;
				TARGETED_DEVICE_FAMILY = 1;
			};
			name = Debug;
		};
		D32A5C5F24E96C1F00827EE1 /* Release */ = {
			isa = XCBuildConfiguration;
			buildSettings = {
				ASSETCATALOG_COMPILER_APPICON_NAME = AppIcon;
				"CODE_SIGN_IDENTITY[sdk=macosx*]" = "-";
				CODE_SIGN_STYLE = Automatic;
				DEVELOPMENT_ASSET_PATHS = "\"Slots/Preview Content\"";
				ENABLE_PREVIEWS = YES;
				INFOPLIST_FILE = Slots/Info.plist;
				LD_RUNPATH_SEARCH_PATHS = (
					"$(inherited)",
					"@executable_path/Frameworks",
				);
				PRODUCT_BUNDLE_IDENTIFIER = com.Yash.Slots;
				PRODUCT_NAME = "$(TARGET_NAME)";
				SUPPORTS_MACCATALYST = NO;
				SWIFT_VERSION = 5.0;
				TARGETED_DEVICE_FAMILY = 1;
			};
			name = Release;
		};
/* End XCBuildConfiguration section */

/* Begin XCConfigurationList section */
		D32A5C4424E96C1E00827EE1 /* Build configuration list for PBXProject "Slots" */ = {
			isa = XCConfigurationList;
			buildConfigurations = (
				D32A5C5B24E96C1F00827EE1 /* Debug */,
				D32A5C5C24E96C1F00827EE1 /* Release */,
			);
			defaultConfigurationIsVisible = 0;
			defaultConfigurationName = Release;
		};
		D32A5C5D24E96C1F00827EE1 /* Build configuration list for PBXNativeTarget "Slots" */ = {
			isa = XCConfigurationList;
			buildConfigurations = (
				D32A5C5E24E96C1F00827EE1 /* Debug */,
				D32A5C5F24E96C1F00827EE1 /* Release */,
			);
			defaultConfigurationIsVisible = 0;
			defaultConfigurationName = Release;
		};
/* End XCConfigurationList section */
	};
	rootObject = D32A5C4124E96C1E00827EE1 /* Project object */;
}
